
Microsoft Visual Studio Solution File, Format Version 12.00
# Visual Studio 14
VisualStudioVersion = 14.0.24720.0
MinimumVisualStudioVersion = 10.0.40219.1
Project("{FAE04EC0-301F-11D3-BF4B-00C04F79EFBC}") = "ConsultorioFernandaHack", "ConsultorioFernandaHack\ConsultorioFernandaHack.csproj", "{DE8AD7E5-5AFE-4679-BD89-55CCF5B82AF7}"
EndProject
Project("{FAE04EC0-301F-11D3-BF4B-00C04F79EFBC}") = "ConsultorioFernandaHackLib", "ConsultorioFernandaHackLib\ConsultorioFernandaHackLib.csproj", "{12C71255-4AC5-4CCC-885C-E2B7FE9BEA00}"
EndProject
Global
	GlobalSection(SolutionConfigurationPlatforms) = preSolution
		Debug|Any CPU = Debug|Any CPU
		Release|Any CPU = Release|Any CPU
	EndGlobalSection
	GlobalSection(ProjectConfigurationPlatforms) = postSolution
		{DE8AD7E5-5AFE-4679-BD89-55CCF5B82AF7}.Debug|Any CPU.ActiveCfg = Debug|Any CPU
		{DE8AD7E5-5AFE-4679-BD89-55CCF5B82AF7}.Debug|Any CPU.Build.0 = Debug|Any CPU
		{DE8AD7E5-5AFE-4679-BD89-55CCF5B82AF7}.Release|Any CPU.ActiveCfg = Release|Any CPU
		{DE8AD7E5-5AFE-4679-BD89-55CCF5B82AF7}.Release|Any CPU.Build.0 = Release|Any CPU
		{12C71255-4AC5-4CCC-885C-E2B7FE9BEA00}.Debug|Any CPU.ActiveCfg = Debug|Any CPU
		{12C71255-4AC5-4CCC-885C-E2B7FE9BEA00}.Debug|Any CPU.Build.0 = Debug|Any CPU
		{12C71255-4AC5-4CCC-885C-E2B7FE9BEA00}.Release|Any CPU.ActiveCfg = Release|Any CPU
		{12C71255-4AC5-4CCC-885C-E2B7FE9BEA00}.Release|Any CPU.Build.0 = Release|Any CPU
	EndGlobalSection
	GlobalSection(SolutionProperties) = preSolution
		HideSolutionNode = FALSE
	EndGlobalSection
EndGlobal
